
Microsoft Visual Studio Solution File, Format Version 11.00
# Visual Studio 2010
Project("{8BC9CEB8-8B4A-11D0-8D11-00A0C91BC942}") = "libol", "libol.vcxproj", "{301FE650-CD34-14E5-6B63-42E383FA02BC}"
EndProject
Global
	GlobalSection(SolutionConfigurationPlatforms) = preSolution
		Debug|Win32 = Debug|Win32
		Release|Win32 = Release|Win32
	EndGlobalSection
	GlobalSection(ProjectConfigurationPlatforms) = postSolution
		{301FE650-CD34-14E5-6B63-42E383FA02BC}.Debug|Win32.ActiveCfg = Debug|Win32
		{301FE650-CD34-14E5-6B63-42E383FA02BC}.Debug|Win32.Build.0 = Debug|Win32
		{301FE650-CD34-14E5-6B63-42E383FA02BC}.Release|Win32.ActiveCfg = Release|Win32
		{301FE650-CD34-14E5-6B63-42E383FA02BC}.Release|Win32.Build.0 = Release|Win32
	EndGlobalSection
	GlobalSection(SolutionProperties) = preSolution
		HideSolutionNode = FALSE
	EndGlobalSection
EndGlobal
