// !$*UTF8*$!
{
	archiveVersion = 1;
	classes = {
	};
	objectVersion = 48;
	objects = {

/* Begin PBXBuildFile section */
		3A300806206FDDBB00ABE7C2 /* libuv.h in Headers */ = {isa = PBXBuildFile; fileRef = 3A300804206FDDBB00ABE7C2 /* libuv.h */; settings = {ATTRIBUTES = (Public, ); }; };
		3A30086D206FDE7400ABE7C2 /* uv-common.h in Headers */ = {isa = PBXBuildFile; fileRef = 3A300830206FDE7400ABE7C2 /* uv-common.h */; };
		3A30086E206FDE7400ABE7C2 /* heap-inl.h in Headers */ = {isa = PBXBuildFile; fileRef = 3A300831206FDE7400ABE7C2 /* heap-inl.h */; };
		3A30086F206FDE7400ABE7C2 /* uv-data-getter-setters.c in Sources */ = {isa = PBXBuildFile; fileRef = 3A300832206FDE7400ABE7C2 /* uv-data-getter-setters.c */; };
		3A300870206FDE7400ABE7C2 /* queue.h in Headers */ = {isa = PBXBuildFile; fileRef = 3A300833206FDE7400ABE7C2 /* queue.h */; };
		3A300874206FDE7500ABE7C2 /* async.c in Sources */ = {isa = PBXBuildFile; fileRef = 3A300838206FDE7400ABE7C2 /* async.c */; };
		3A300875206FDE7500ABE7C2 /* atomic-ops.h in Headers */ = {isa = PBXBuildFile; fileRef = 3A300839206FDE7400ABE7C2 /* atomic-ops.h */; };
		3A300876206FDE7500ABE7C2 /* bsd-ifaddrs.c in Sources */ = {isa = PBXBuildFile; fileRef = 3A30083A206FDE7400ABE7C2 /* bsd-ifaddrs.c */; };
		3A300877206FDE7500ABE7C2 /* core.c in Sources */ = {isa = PBXBuildFile; fileRef = 3A30083B206FDE7400ABE7C2 /* core.c */; };
		3A300879206FDE7500ABE7C2 /* darwin-proctitle.c in Sources */ = {isa = PBXBuildFile; fileRef = 3A30083D206FDE7400ABE7C2 /* darwin-proctitle.c */; };
		3A30087A206FDE7500ABE7C2 /* darwin.c in Sources */ = {isa = PBXBuildFile; fileRef = 3A30083E206FDE7400ABE7C2 /* darwin.c */; };
		3A30087B206FDE7500ABE7C2 /* dl.c in Sources */ = {isa = PBXBuildFile; fileRef = 3A30083F206FDE7400ABE7C2 /* dl.c */; };
		3A30087D206FDE7500ABE7C2 /* fs.c in Sources */ = {isa = PBXBuildFile; fileRef = 3A300841206FDE7400ABE7C2 /* fs.c */; };
		3A30087E206FDE7500ABE7C2 /* fsevents.c in Sources */ = {isa = PBXBuildFile; fileRef = 3A300842206FDE7400ABE7C2 /* fsevents.c */; };
		3A30087F206FDE7500ABE7C2 /* getaddrinfo.c in Sources */ = {isa = PBXBuildFile; fileRef = 3A300843206FDE7400ABE7C2 /* getaddrinfo.c */; };
		3A300880206FDE7500ABE7C2 /* getnameinfo.c in Sources */ = {isa = PBXBuildFile; fileRef = 3A300844206FDE7400ABE7C2 /* getnameinfo.c */; };
		3A300882206FDE7500ABE7C2 /* internal.h in Headers */ = {isa = PBXBuildFile; fileRef = 3A300846206FDE7400ABE7C2 /* internal.h */; };
		3A300886206FDE7500ABE7C2 /* linux-syscalls.c in Sources */ = {isa = PBXBuildFile; fileRef = 3A30084A206FDE7400ABE7C2 /* linux-syscalls.c */; };
		3A300887206FDE7500ABE7C2 /* linux-syscalls.h in Headers */ = {isa = PBXBuildFile; fileRef = 3A30084B206FDE7400ABE7C2 /* linux-syscalls.h */; };
		3A300888206FDE7500ABE7C2 /* loop-watcher.c in Sources */ = {isa = PBXBuildFile; fileRef = 3A30084C206FDE7400ABE7C2 /* loop-watcher.c */; };
		3A300889206FDE7500ABE7C2 /* loop.c in Sources */ = {isa = PBXBuildFile; fileRef = 3A30084D206FDE7400ABE7C2 /* loop.c */; };
		3A30088C206FDE7500ABE7C2 /* no-proctitle.c in Sources */ = {isa = PBXBuildFile; fileRef = 3A300850206FDE7400ABE7C2 /* no-proctitle.c */; };
		3A300891206FDE7500ABE7C2 /* pipe.c in Sources */ = {isa = PBXBuildFile; fileRef = 3A300855206FDE7400ABE7C2 /* pipe.c */; };
		3A300892206FDE7500ABE7C2 /* poll.c in Sources */ = {isa = PBXBuildFile; fileRef = 3A300856206FDE7400ABE7C2 /* poll.c */; };
		3A300895206FDE7500ABE7C2 /* process.c in Sources */ = {isa = PBXBuildFile; fileRef = 3A300859206FDE7400ABE7C2 /* process.c */; };
		3A300898206FDE7500ABE7C2 /* pthread-fixes.c in Sources */ = {isa = PBXBuildFile; fileRef = 3A30085C206FDE7400ABE7C2 /* pthread-fixes.c */; };
		3A300899206FDE7500ABE7C2 /* signal.c in Sources */ = {isa = PBXBuildFile; fileRef = 3A30085D206FDE7400ABE7C2 /* signal.c */; };
		3A30089A206FDE7500ABE7C2 /* spinlock.h in Headers */ = {isa = PBXBuildFile; fileRef = 3A30085E206FDE7400ABE7C2 /* spinlock.h */; };
		3A30089B206FDE7500ABE7C2 /* stream.c in Sources */ = {isa = PBXBuildFile; fileRef = 3A30085F206FDE7400ABE7C2 /* stream.c */; };
		3A30089F206FDE7500ABE7C2 /* tcp.c in Sources */ = {isa = PBXBuildFile; fileRef = 3A300863206FDE7400ABE7C2 /* tcp.c */; };
		3A3008A0206FDE7500ABE7C2 /* thread.c in Sources */ = {isa = PBXBuildFile; fileRef = 3A300864206FDE7400ABE7C2 /* thread.c */; };
		3A3008A2206FDE7500ABE7C2 /* tty.c in Sources */ = {isa = PBXBuildFile; fileRef = 3A300866206FDE7400ABE7C2 /* tty.c */; };
		3A3008A3206FDE7500ABE7C2 /* udp.c in Sources */ = {isa = PBXBuildFile; fileRef = 3A300867206FDE7400ABE7C2 /* udp.c */; };
		3A3008A4206FDE7500ABE7C2 /* version.c in Sources */ = {isa = PBXBuildFile; fileRef = 3A300868206FDE7400ABE7C2 /* version.c */; };
		3A3008A5206FDE7500ABE7C2 /* inet.c in Sources */ = {isa = PBXBuildFile; fileRef = 3A300869206FDE7400ABE7C2 /* inet.c */; };
		3A3008A6206FDE7500ABE7C2 /* threadpool.c in Sources */ = {isa = PBXBuildFile; fileRef = 3A30086A206FDE7400ABE7C2 /* threadpool.c */; };
		3A3008A7206FDE7500ABE7C2 /* fs-poll.c in Sources */ = {isa = PBXBuildFile; fileRef = 3A30086B206FDE7400ABE7C2 /* fs-poll.c */; };
		3A3008A8206FDE7500ABE7C2 /* uv-common.c in Sources */ = {isa = PBXBuildFile; fileRef = 3A30086C206FDE7400ABE7C2 /* uv-common.c */; };
		3A3008AA206FE32D00ABE7C2 /* kqueue.c in Sources */ = {isa = PBXBuildFile; fileRef = 3A3008A9206FE32D00ABE7C2 /* kqueue.c */; };
		3AA50F1A2246B519004026C4 /* darwin.h in Headers */ = {isa = PBXBuildFile; fileRef = 3AA50F0B2246B517004026C4 /* darwin.h */; };
		3AA50F1B2246B519004026C4 /* stdint-msvc2008.h in Headers */ = {isa = PBXBuildFile; fileRef = 3AA50F0C2246B518004026C4 /* stdint-msvc2008.h */; };
		3AA50F1C2246B519004026C4 /* aix.h in Headers */ = {isa = PBXBuildFile; fileRef = 3AA50F0D2246B518004026C4 /* aix.h */; };
		3AA50F1D2246B519004026C4 /* os390.h in Headers */ = {isa = PBXBuildFile; fileRef = 3AA50F0E2246B518004026C4 /* os390.h */; };
		3AA50F1E2246B519004026C4 /* posix.h in Headers */ = {isa = PBXBuildFile; fileRef = 3AA50F0F2246B518004026C4 /* posix.h */; };
		3AA50F1F2246B519004026C4 /* linux.h in Headers */ = {isa = PBXBuildFile; fileRef = 3AA50F102246B518004026C4 /* linux.h */; };
		3AA50F202246B519004026C4 /* version.h in Headers */ = {isa = PBXBuildFile; fileRef = 3AA50F112246B518004026C4 /* version.h */; };
		3AA50F212246B519004026C4 /* unix.h in Headers */ = {isa = PBXBuildFile; fileRef = 3AA50F122246B518004026C4 /* unix.h */; };
		3AA50F222246B519004026C4 /* sunos.h in Headers */ = {isa = PBXBuildFile; fileRef = 3AA50F132246B518004026C4 /* sunos.h */; };
		3AA50F232246B519004026C4 /* android-ifaddrs.h in Headers */ = {isa = PBXBuildFile; fileRef = 3AA50F142246B518004026C4 /* android-ifaddrs.h */; };
		3AA50F252246B519004026C4 /* tree.h in Headers */ = {isa = PBXBuildFile; fileRef = 3AA50F162246B518004026C4 /* tree.h */; };
		3AA50F262246B519004026C4 /* bsd.h in Headers */ = {isa = PBXBuildFile; fileRef = 3AA50F172246B518004026C4 /* bsd.h */; };
		3AA50F272246B519004026C4 /* threadpool.h in Headers */ = {isa = PBXBuildFile; fileRef = 3AA50F182246B518004026C4 /* threadpool.h */; };
		3AA50F282246B519004026C4 /* win.h in Headers */ = {isa = PBXBuildFile; fileRef = 3AA50F192246B518004026C4 /* win.h */; };
		3AA50F2A2246B55B004026C4 /* timer.c in Sources */ = {isa = PBXBuildFile; fileRef = 3AA50F292246B55B004026C4 /* timer.c */; };
		3AA50F2B2246B55B004026C4 /* timer.c in Sources */ = {isa = PBXBuildFile; fileRef = 3AA50F292246B55B004026C4 /* timer.c */; };
		3AA50F2E2246B58A004026C4 /* strscpy.h in Headers */ = {isa = PBXBuildFile; fileRef = 3AA50F2C2246B58A004026C4 /* strscpy.h */; };
		3AA50F2F2246B58A004026C4 /* strscpy.h in Headers */ = {isa = PBXBuildFile; fileRef = 3AA50F2C2246B58A004026C4 /* strscpy.h */; };
		3AA50F302246B58A004026C4 /* strscpy.c in Sources */ = {isa = PBXBuildFile; fileRef = 3AA50F2D2246B58A004026C4 /* strscpy.c */; };
		3AA50F312246B58A004026C4 /* strscpy.c in Sources */ = {isa = PBXBuildFile; fileRef = 3AA50F2D2246B58A004026C4 /* strscpy.c */; };
		3AA50F342246B59F004026C4 /* idna.h in Headers */ = {isa = PBXBuildFile; fileRef = 3AA50F322246B59F004026C4 /* idna.h */; };
		3AA50F352246B59F004026C4 /* idna.h in Headers */ = {isa = PBXBuildFile; fileRef = 3AA50F322246B59F004026C4 /* idna.h */; };
		3AA50F362246B59F004026C4 /* idna.c in Sources */ = {isa = PBXBuildFile; fileRef = 3AA50F332246B59F004026C4 /* idna.c */; };
		3AA50F372246B59F004026C4 /* idna.c in Sources */ = {isa = PBXBuildFile; fileRef = 3AA50F332246B59F004026C4 /* idna.c */; };
		3AA50F382246B5FF004026C4 /* darwin.h in Headers */ = {isa = PBXBuildFile; fileRef = 3AA50F0B2246B517004026C4 /* darwin.h */; };
		3AA50F3A2246B5FF004026C4 /* version.h in Headers */ = {isa = PBXBuildFile; fileRef = 3AA50F112246B518004026C4 /* version.h */; };
		3AA50F3F22475245004026C4 /* version.h in CopyFiles */ = {isa = PBXBuildFile; fileRef = 3AA50F112246B518004026C4 /* version.h */; };
		3AA50F4122475288004026C4 /* darwin.h in CopyFiles */ = {isa = PBXBuildFile; fileRef = 3AA50F0B2246B517004026C4 /* darwin.h */; };
		3AA50F4222475288004026C4 /* posix.h in CopyFiles */ = {isa = PBXBuildFile; fileRef = 3AA50F0F2246B518004026C4 /* posix.h */; };
		3AA50F4322475288004026C4 /* threadpool.h in CopyFiles */ = {isa = PBXBuildFile; fileRef = 3AA50F182246B518004026C4 /* threadpool.h */; };
		3AA50F4422475288004026C4 /* tree.h in CopyFiles */ = {isa = PBXBuildFile; fileRef = 3AA50F162246B518004026C4 /* tree.h */; };
		3AA50F4522475288004026C4 /* unix.h in CopyFiles */ = {isa = PBXBuildFile; fileRef = 3AA50F122246B518004026C4 /* unix.h */; };
		3AA50F4A2247725A004026C4 /* uv-errno.h in Headers */ = {isa = PBXBuildFile; fileRef = 3AA50F492247725A004026C4 /* uv-errno.h */; };
		3AA50F4B2247725A004026C4 /* uv-errno.h in Headers */ = {isa = PBXBuildFile; fileRef = 3AA50F492247725A004026C4 /* uv-errno.h */; };
		3AA50F4D22477279004026C4 /* uv.h in Headers */ = {isa = PBXBuildFile; fileRef = 3AA50F4C22477279004026C4 /* uv.h */; settings = {ATTRIBUTES = (Public, ); }; };
		3AA50F4E22477279004026C4 /* uv.h in Headers */ = {isa = PBXBuildFile; fileRef = 3AA50F4C22477279004026C4 /* uv.h */; settings = {ATTRIBUTES = (Public, ); }; };
		3AA50F4F224772D3004026C4 /* uv-errno.h in CopyFiles */ = {isa = PBXBuildFile; fileRef = 3AA50F492247725A004026C4 /* uv-errno.h */; };
		3AA50F51224774AC004026C4 /* darwin.h in CopyFiles */ = {isa = PBXBuildFile; fileRef = 3AA50F0B2246B517004026C4 /* darwin.h */; };
		3AA50F52224774AC004026C4 /* uv-errno.h in CopyFiles */ = {isa = PBXBuildFile; fileRef = 3AA50F492247725A004026C4 /* uv-errno.h */; };
		3AA50F53224774AC004026C4 /* posix.h in CopyFiles */ = {isa = PBXBuildFile; fileRef = 3AA50F0F2246B518004026C4 /* posix.h */; };
		3AA50F54224774AC004026C4 /* threadpool.h in CopyFiles */ = {isa = PBXBuildFile; fileRef = 3AA50F182246B518004026C4 /* threadpool.h */; };
		3AA50F55224774AC004026C4 /* tree.h in CopyFiles */ = {isa = PBXBuildFile; fileRef = 3AA50F162246B518004026C4 /* tree.h */; };
		3AA50F56224774AC004026C4 /* unix.h in CopyFiles */ = {isa = PBXBuildFile; fileRef = 3AA50F122246B518004026C4 /* unix.h */; };
		3AA50F57224774AC004026C4 /* version.h in CopyFiles */ = {isa = PBXBuildFile; fileRef = 3AA50F112246B518004026C4 /* version.h */; };
		3AE1E08B2070AF7E00B52995 /* libuv.h in Headers */ = {isa = PBXBuildFile; fileRef = 3A300804206FDDBB00ABE7C2 /* libuv.h */; settings = {ATTRIBUTES = (Public, ); }; };
		3AE1E08C2070AFB000B52995 /* fs-poll.c in Sources */ = {isa = PBXBuildFile; fileRef = 3A30086B206FDE7400ABE7C2 /* fs-poll.c */; };
		3AE1E08D2070AFB300B52995 /* heap-inl.h in Headers */ = {isa = PBXBuildFile; fileRef = 3A300831206FDE7400ABE7C2 /* heap-inl.h */; };
		3AE1E08E2070AFC900B52995 /* inet.c in Sources */ = {isa = PBXBuildFile; fileRef = 3A300869206FDE7400ABE7C2 /* inet.c */; };
		3AE1E08F2070AFCD00B52995 /* queue.h in Headers */ = {isa = PBXBuildFile; fileRef = 3A300833206FDE7400ABE7C2 /* queue.h */; };
		3AE1E0902070AFD000B52995 /* threadpool.c in Sources */ = {isa = PBXBuildFile; fileRef = 3A30086A206FDE7400ABE7C2 /* threadpool.c */; };
		3AE1E0912070AFD700B52995 /* async.c in Sources */ = {isa = PBXBuildFile; fileRef = 3A300838206FDE7400ABE7C2 /* async.c */; };
		3AE1E0922070AFDA00B52995 /* atomic-ops.h in Headers */ = {isa = PBXBuildFile; fileRef = 3A300839206FDE7400ABE7C2 /* atomic-ops.h */; };
		3AE1E0932070AFDD00B52995 /* bsd-ifaddrs.c in Sources */ = {isa = PBXBuildFile; fileRef = 3A30083A206FDE7400ABE7C2 /* bsd-ifaddrs.c */; };
		3AE1E0942070AFDF00B52995 /* core.c in Sources */ = {isa = PBXBuildFile; fileRef = 3A30083B206FDE7400ABE7C2 /* core.c */; };
		3AE1E0952070AFE200B52995 /* darwin-proctitle.c in Sources */ = {isa = PBXBuildFile; fileRef = 3A30083D206FDE7400ABE7C2 /* darwin-proctitle.c */; };
		3AE1E0962070AFE500B52995 /* darwin.c in Sources */ = {isa = PBXBuildFile; fileRef = 3A30083E206FDE7400ABE7C2 /* darwin.c */; };
		3AE1E0972070AFE800B52995 /* dl.c in Sources */ = {isa = PBXBuildFile; fileRef = 3A30083F206FDE7400ABE7C2 /* dl.c */; };
		3AE1E0982070AFFC00B52995 /* fs.c in Sources */ = {isa = PBXBuildFile; fileRef = 3A300841206FDE7400ABE7C2 /* fs.c */; };
		3AE1E0992070AFFC00B52995 /* fsevents.c in Sources */ = {isa = PBXBuildFile; fileRef = 3A300842206FDE7400ABE7C2 /* fsevents.c */; };
		3AE1E09A2070AFFC00B52995 /* getaddrinfo.c in Sources */ = {isa = PBXBuildFile; fileRef = 3A300843206FDE7400ABE7C2 /* getaddrinfo.c */; };
		3AE1E09B2070AFFC00B52995 /* getnameinfo.c in Sources */ = {isa = PBXBuildFile; fileRef = 3A300844206FDE7400ABE7C2 /* getnameinfo.c */; };
		3AE1E09C2070AFFC00B52995 /* linux-syscalls.c in Sources */ = {isa = PBXBuildFile; fileRef = 3A30084A206FDE7400ABE7C2 /* linux-syscalls.c */; };
		3AE1E09D2070AFFC00B52995 /* kqueue.c in Sources */ = {isa = PBXBuildFile; fileRef = 3A3008A9206FE32D00ABE7C2 /* kqueue.c */; };
		3AE1E09E2070AFFC00B52995 /* loop-watcher.c in Sources */ = {isa = PBXBuildFile; fileRef = 3A30084C206FDE7400ABE7C2 /* loop-watcher.c */; };
		3AE1E09F2070AFFC00B52995 /* loop.c in Sources */ = {isa = PBXBuildFile; fileRef = 3A30084D206FDE7400ABE7C2 /* loop.c */; };
		3AE1E0A02070AFFC00B52995 /* no-proctitle.c in Sources */ = {isa = PBXBuildFile; fileRef = 3A300850206FDE7400ABE7C2 /* no-proctitle.c */; };
		3AE1E0A12070AFFC00B52995 /* pipe.c in Sources */ = {isa = PBXBuildFile; fileRef = 3A300855206FDE7400ABE7C2 /* pipe.c */; };
		3AE1E0A22070AFFC00B52995 /* poll.c in Sources */ = {isa = PBXBuildFile; fileRef = 3A300856206FDE7400ABE7C2 /* poll.c */; };
		3AE1E0A32070AFFC00B52995 /* process.c in Sources */ = {isa = PBXBuildFile; fileRef = 3A300859206FDE7400ABE7C2 /* process.c */; };
		3AE1E0A42070AFFC00B52995 /* pthread-fixes.c in Sources */ = {isa = PBXBuildFile; fileRef = 3A30085C206FDE7400ABE7C2 /* pthread-fixes.c */; };
		3AE1E0A52070AFFC00B52995 /* signal.c in Sources */ = {isa = PBXBuildFile; fileRef = 3A30085D206FDE7400ABE7C2 /* signal.c */; };
		3AE1E0A62070AFFC00B52995 /* stream.c in Sources */ = {isa = PBXBuildFile; fileRef = 3A30085F206FDE7400ABE7C2 /* stream.c */; };
		3AE1E0A72070AFFC00B52995 /* tcp.c in Sources */ = {isa = PBXBuildFile; fileRef = 3A300863206FDE7400ABE7C2 /* tcp.c */; };
		3AE1E0A82070AFFC00B52995 /* thread.c in Sources */ = {isa = PBXBuildFile; fileRef = 3A300864206FDE7400ABE7C2 /* thread.c */; };
		3AE1E0AA2070AFFC00B52995 /* tty.c in Sources */ = {isa = PBXBuildFile; fileRef = 3A300866206FDE7400ABE7C2 /* tty.c */; };
		3AE1E0AB2070AFFC00B52995 /* udp.c in Sources */ = {isa = PBXBuildFile; fileRef = 3A300867206FDE7400ABE7C2 /* udp.c */; };
		3AE1E0AC2070AFFC00B52995 /* uv-common.c in Sources */ = {isa = PBXBuildFile; fileRef = 3A30086C206FDE7400ABE7C2 /* uv-common.c */; };
		3AE1E0AD2070AFFC00B52995 /* uv-data-getter-setters.c in Sources */ = {isa = PBXBuildFile; fileRef = 3A300832206FDE7400ABE7C2 /* uv-data-getter-setters.c */; };
		3AE1E0AE2070AFFC00B52995 /* version.c in Sources */ = {isa = PBXBuildFile; fileRef = 3A300868206FDE7400ABE7C2 /* version.c */; };
		3AE1E0AF2070B01A00B52995 /* internal.h in Headers */ = {isa = PBXBuildFile; fileRef = 3A300846206FDE7400ABE7C2 /* internal.h */; };
		3AE1E0B02070B01A00B52995 /* linux-syscalls.h in Headers */ = {isa = PBXBuildFile; fileRef = 3A30084B206FDE7400ABE7C2 /* linux-syscalls.h */; };
		3AE1E0B12070B01A00B52995 /* spinlock.h in Headers */ = {isa = PBXBuildFile; fileRef = 3A30085E206FDE7400ABE7C2 /* spinlock.h */; };
		3AE1E0B22070B01A00B52995 /* uv-common.h in Headers */ = {isa = PBXBuildFile; fileRef = 3A300830206FDE7400ABE7C2 /* uv-common.h */; };
/* End PBXBuildFile section */

/* Begin PBXCopyFilesBuildPhase section */
		3AA50F3B22474F6B004026C4 /* CopyFiles */ = {
			isa = PBXCopyFilesBuildPhase;
			buildActionMask = 2147483647;
			dstPath = Headers/uv;
			dstSubfolderSpec = 1;
			files = (
				3AA50F4F224772D3004026C4 /* uv-errno.h in CopyFiles */,
				3AA50F4122475288004026C4 /* darwin.h in CopyFiles */,
				3AA50F4222475288004026C4 /* posix.h in CopyFiles */,
				3AA50F4322475288004026C4 /* threadpool.h in CopyFiles */,
				3AA50F4422475288004026C4 /* tree.h in CopyFiles */,
				3AA50F4522475288004026C4 /* unix.h in CopyFiles */,
				3AA50F3F22475245004026C4 /* version.h in CopyFiles */,
			);
			runOnlyForDeploymentPostprocessing = 0;
		};
		3AA50F5022477474004026C4 /* CopyFiles */ = {
			isa = PBXCopyFilesBuildPhase;
			buildActionMask = 2147483647;
			dstPath = Headers/uv;
			dstSubfolderSpec = 1;
			files = (
				3AA50F51224774AC004026C4 /* darwin.h in CopyFiles */,
				3AA50F52224774AC004026C4 /* uv-errno.h in CopyFiles */,
				3AA50F53224774AC004026C4 /* posix.h in CopyFiles */,
				3AA50F54224774AC004026C4 /* threadpool.h in CopyFiles */,
				3AA50F55224774AC004026C4 /* tree.h in CopyFiles */,
				3AA50F56224774AC004026C4 /* unix.h in CopyFiles */,
				3AA50F57224774AC004026C4 /* version.h in CopyFiles */,
			);
			runOnlyForDeploymentPostprocessing = 0;
		};
/* End PBXCopyFilesBuildPhase section */

/* Begin PBXFileReference section */
		3A300801206FDDBB00ABE7C2 /* libuv.framework */ = {isa = PBXFileReference; explicitFileType = wrapper.framework; includeInIndex = 0; path = libuv.framework; sourceTree = BUILT_PRODUCTS_DIR; };
		3A300804206FDDBB00ABE7C2 /* libuv.h */ = {isa = PBXFileReference; lastKnownFileType = sourcecode.c.h; path = libuv.h; sourceTree = "<group>"; };
		3A300805206FDDBB00ABE7C2 /* Info.plist */ = {isa = PBXFileReference; lastKnownFileType = text.plist.xml; path = Info.plist; sourceTree = "<group>"; };
		3A300830206FDE7400ABE7C2 /* uv-common.h */ = {isa = PBXFileReference; fileEncoding = 4; lastKnownFileType = sourcecode.c.h; name = "uv-common.h"; path = "../src/uv-common.h"; sourceTree = "<group>"; };
		3A300831206FDE7400ABE7C2 /* heap-inl.h */ = {isa = PBXFileReference; fileEncoding = 4; lastKnownFileType = sourcecode.c.h; name = "heap-inl.h"; path = "../src/heap-inl.h"; sourceTree = "<group>"; };
		3A300832206FDE7400ABE7C2 /* uv-data-getter-setters.c */ = {isa = PBXFileReference; fileEncoding = 4; lastKnownFileType = sourcecode.c.c; name = "uv-data-getter-setters.c"; path = "../src/uv-data-getter-setters.c"; sourceTree = "<group>"; };
		3A300833206FDE7400ABE7C2 /* queue.h */ = {isa = PBXFileReference; fileEncoding = 4; lastKnownFileType = sourcecode.c.h; name = queue.h; path = ../src/queue.h; sourceTree = "<group>"; };
		3A300838206FDE7400ABE7C2 /* async.c */ = {isa = PBXFileReference; fileEncoding = 4; lastKnownFileType = sourcecode.c.c; path = async.c; sourceTree = "<group>"; };
		3A300839206FDE7400ABE7C2 /* atomic-ops.h */ = {isa = PBXFileReference; fileEncoding = 4; lastKnownFileType = sourcecode.c.h; path = "atomic-ops.h"; sourceTree = "<group>"; };
		3A30083A206FDE7400ABE7C2 /* bsd-ifaddrs.c */ = {isa = PBXFileReference; fileEncoding = 4; lastKnownFileType = sourcecode.c.c; path = "bsd-ifaddrs.c"; sourceTree = "<group>"; };
		3A30083B206FDE7400ABE7C2 /* core.c */ = {isa = PBXFileReference; fileEncoding = 4; lastKnownFileType = sourcecode.c.c; path = core.c; sourceTree = "<group>"; };
		3A30083D206FDE7400ABE7C2 /* darwin-proctitle.c */ = {isa = PBXFileReference; fileEncoding = 4; lastKnownFileType = sourcecode.c.c; path = "darwin-proctitle.c"; sourceTree = "<group>"; };
		3A30083E206FDE7400ABE7C2 /* darwin.c */ = {isa = PBXFileReference; fileEncoding = 4; lastKnownFileType = sourcecode.c.c; path = darwin.c; sourceTree = "<group>"; };
		3A30083F206FDE7400ABE7C2 /* dl.c */ = {isa = PBXFileReference; fileEncoding = 4; lastKnownFileType = sourcecode.c.c; path = dl.c; sourceTree = "<group>"; };
		3A300841206FDE7400ABE7C2 /* fs.c */ = {isa = PBXFileReference; fileEncoding = 4; lastKnownFileType = sourcecode.c.c; path = fs.c; sourceTree = "<group>"; };
		3A300842206FDE7400ABE7C2 /* fsevents.c */ = {isa = PBXFileReference; fileEncoding = 4; lastKnownFileType = sourcecode.c.c; path = fsevents.c; sourceTree = "<group>"; };
		3A300843206FDE7400ABE7C2 /* getaddrinfo.c */ = {isa = PBXFileReference; fileEncoding = 4; lastKnownFileType = sourcecode.c.c; path = getaddrinfo.c; sourceTree = "<group>"; };
		3A300844206FDE7400ABE7C2 /* getnameinfo.c */ = {isa = PBXFileReference; fileEncoding = 4; lastKnownFileType = sourcecode.c.c; path = getnameinfo.c; sourceTree = "<group>"; };
		3A300846206FDE7400ABE7C2 /* internal.h */ = {isa = PBXFileReference; fileEncoding = 4; lastKnownFileType = sourcecode.c.h; path = internal.h; sourceTree = "<group>"; };
		3A30084A206FDE7400ABE7C2 /* linux-syscalls.c */ = {isa = PBXFileReference; fileEncoding = 4; lastKnownFileType = sourcecode.c.c; path = "linux-syscalls.c"; sourceTree = "<group>"; };
		3A30084B206FDE7400ABE7C2 /* linux-syscalls.h */ = {isa = PBXFileReference; fileEncoding = 4; lastKnownFileType = sourcecode.c.h; path = "linux-syscalls.h"; sourceTree = "<group>"; };
		3A30084C206FDE7400ABE7C2 /* loop-watcher.c */ = {isa = PBXFileReference; fileEncoding = 4; lastKnownFileType = sourcecode.c.c; path = "loop-watcher.c"; sourceTree = "<group>"; };
		3A30084D206FDE7400ABE7C2 /* loop.c */ = {isa = PBXFileReference; fileEncoding = 4; lastKnownFileType = sourcecode.c.c; path = loop.c; sourceTree = "<group>"; };
		3A300850206FDE7400ABE7C2 /* no-proctitle.c */ = {isa = PBXFileReference; fileEncoding = 4; lastKnownFileType = sourcecode.c.c; path = "no-proctitle.c"; sourceTree = "<group>"; };
		3A300855206FDE7400ABE7C2 /* pipe.c */ = {isa = PBXFileReference; fileEncoding = 4; lastKnownFileType = sourcecode.c.c; path = pipe.c; sourceTree = "<group>"; };
		3A300856206FDE7400ABE7C2 /* poll.c */ = {isa = PBXFileReference; fileEncoding = 4; lastKnownFileType = sourcecode.c.c; path = poll.c; sourceTree = "<group>"; };
		3A300859206FDE7400ABE7C2 /* process.c */ = {isa = PBXFileReference; fileEncoding = 4; lastKnownFileType = sourcecode.c.c; path = process.c; sourceTree = "<group>"; };
		3A30085C206FDE7400ABE7C2 /* pthread-fixes.c */ = {isa = PBXFileReference; fileEncoding = 4; lastKnownFileType = sourcecode.c.c; path = "pthread-fixes.c"; sourceTree = "<group>"; };
		3A30085D206FDE7400ABE7C2 /* signal.c */ = {isa = PBXFileReference; fileEncoding = 4; lastKnownFileType = sourcecode.c.c; path = signal.c; sourceTree = "<group>"; };
		3A30085E206FDE7400ABE7C2 /* spinlock.h */ = {isa = PBXFileReference; fileEncoding = 4; lastKnownFileType = sourcecode.c.h; path = spinlock.h; sourceTree = "<group>"; };
		3A30085F206FDE7400ABE7C2 /* stream.c */ = {isa = PBXFileReference; fileEncoding = 4; lastKnownFileType = sourcecode.c.c; path = stream.c; sourceTree = "<group>"; };
		3A300863206FDE7400ABE7C2 /* tcp.c */ = {isa = PBXFileReference; fileEncoding = 4; lastKnownFileType = sourcecode.c.c; path = tcp.c; sourceTree = "<group>"; };
		3A300864206FDE7400ABE7C2 /* thread.c */ = {isa = PBXFileReference; fileEncoding = 4; lastKnownFileType = sourcecode.c.c; path = thread.c; sourceTree = "<group>"; };
		3A300866206FDE7400ABE7C2 /* tty.c */ = {isa = PBXFileReference; fileEncoding = 4; lastKnownFileType = sourcecode.c.c; path = tty.c; sourceTree = "<group>"; };
		3A300867206FDE7400ABE7C2 /* udp.c */ = {isa = PBXFileReference; fileEncoding = 4; lastKnownFileType = sourcecode.c.c; path = udp.c; sourceTree = "<group>"; };
		3A300868206FDE7400ABE7C2 /* version.c */ = {isa = PBXFileReference; fileEncoding = 4; lastKnownFileType = sourcecode.c.c; name = version.c; path = ../src/version.c; sourceTree = "<group>"; };
		3A300869206FDE7400ABE7C2 /* inet.c */ = {isa = PBXFileReference; fileEncoding = 4; lastKnownFileType = sourcecode.c.c; name = inet.c; path = ../src/inet.c; sourceTree = "<group>"; };
		3A30086A206FDE7400ABE7C2 /* threadpool.c */ = {isa = PBXFileReference; fileEncoding = 4; lastKnownFileType = sourcecode.c.c; name = threadpool.c; path = ../src/threadpool.c; sourceTree = "<group>"; };
		3A30086B206FDE7400ABE7C2 /* fs-poll.c */ = {isa = PBXFileReference; fileEncoding = 4; lastKnownFileType = sourcecode.c.c; name = "fs-poll.c"; path = "../src/fs-poll.c"; sourceTree = "<group>"; };
		3A30086C206FDE7400ABE7C2 /* uv-common.c */ = {isa = PBXFileReference; fileEncoding = 4; lastKnownFileType = sourcecode.c.c; name = "uv-common.c"; path = "../src/uv-common.c"; sourceTree = "<group>"; };
		3A3008A9206FE32D00ABE7C2 /* kqueue.c */ = {isa = PBXFileReference; fileEncoding = 4; lastKnownFileType = sourcecode.c.c; path = kqueue.c; sourceTree = "<group>"; };
		3AA50F0B2246B517004026C4 /* darwin.h */ = {isa = PBXFileReference; fileEncoding = 4; lastKnownFileType = sourcecode.c.h; name = darwin.h; path = ../include/uv/darwin.h; sourceTree = "<group>"; };
		3AA50F0C2246B518004026C4 /* stdint-msvc2008.h */ = {isa = PBXFileReference; fileEncoding = 4; lastKnownFileType = sourcecode.c.h; name = "stdint-msvc2008.h"; path = "../include/uv/stdint-msvc2008.h"; sourceTree = "<group>"; };
		3AA50F0D2246B518004026C4 /* aix.h */ = {isa = PBXFileReference; fileEncoding = 4; lastKnownFileType = sourcecode.c.h; name = aix.h; path = ../include/uv/aix.h; sourceTree = "<group>"; };
		3AA50F0E2246B518004026C4 /* os390.h */ = {isa = PBXFileReference; fileEncoding = 4; lastKnownFileType = sourcecode.c.h; name = os390.h; path = ../include/uv/os390.h; sourceTree = "<group>"; };
		3AA50F0F2246B518004026C4 /* posix.h */ = {isa = PBXFileReference; fileEncoding = 4; lastKnownFileType = sourcecode.c.h; name = posix.h; path = ../include/uv/posix.h; sourceTree = "<group>"; };
		3AA50F102246B518004026C4 /* linux.h */ = {isa = PBXFileReference; fileEncoding = 4; lastKnownFileType = sourcecode.c.h; name = linux.h; path = ../include/uv/linux.h; sourceTree = "<group>"; };
		3AA50F112246B518004026C4 /* version.h */ = {isa = PBXFileReference; fileEncoding = 4; lastKnownFileType = sourcecode.c.h; name = version.h; path = ../include/uv/version.h; sourceTree = "<group>"; };
		3AA50F122246B518004026C4 /* unix.h */ = {isa = PBXFileReference; fileEncoding = 4; lastKnownFileType = sourcecode.c.h; name = unix.h; path = ../include/uv/unix.h; sourceTree = "<group>"; };
		3AA50F132246B518004026C4 /* sunos.h */ = {isa = PBXFileReference; fileEncoding = 4; lastKnownFileType = sourcecode.c.h; name = sunos.h; path = ../include/uv/sunos.h; sourceTree = "<group>"; };
		3AA50F142246B518004026C4 /* android-ifaddrs.h */ = {isa = PBXFileReference; fileEncoding = 4; lastKnownFileType = sourcecode.c.h; name = "android-ifaddrs.h"; path = "../include/uv/android-ifaddrs.h"; sourceTree = "<group>"; };
		3AA50F162246B518004026C4 /* tree.h */ = {isa = PBXFileReference; fileEncoding = 4; lastKnownFileType = sourcecode.c.h; name = tree.h; path = ../include/uv/tree.h; sourceTree = "<group>"; };
		3AA50F172246B518004026C4 /* bsd.h */ = {isa = PBXFileReference; fileEncoding = 4; lastKnownFileType = sourcecode.c.h; name = bsd.h; path = ../include/uv/bsd.h; sourceTree = "<group>"; };
		3AA50F182246B518004026C4 /* threadpool.h */ = {isa = PBXFileReference; fileEncoding = 4; lastKnownFileType = sourcecode.c.h; name = threadpool.h; path = ../include/uv/threadpool.h; sourceTree = "<group>"; };
		3AA50F192246B518004026C4 /* win.h */ = {isa = PBXFileReference; fileEncoding = 4; lastKnownFileType = sourcecode.c.h; name = win.h; path = ../include/uv/win.h; sourceTree = "<group>"; };
		3AA50F292246B55B004026C4 /* timer.c */ = {isa = PBXFileReference; fileEncoding = 4; lastKnownFileType = sourcecode.c.c; name = timer.c; path = ../src/timer.c; sourceTree = "<group>"; };
		3AA50F2C2246B58A004026C4 /* strscpy.h */ = {isa = PBXFileReference; fileEncoding = 4; lastKnownFileType = sourcecode.c.h; name = strscpy.h; path = ../src/strscpy.h; sourceTree = "<group>"; };
		3AA50F2D2246B58A004026C4 /* strscpy.c */ = {isa = PBXFileReference; fileEncoding = 4; lastKnownFileType = sourcecode.c.c; name = strscpy.c; path = ../src/strscpy.c; sourceTree = "<group>"; };
		3AA50F322246B59F004026C4 /* idna.h */ = {isa = PBXFileReference; fileEncoding = 4; lastKnownFileType = sourcecode.c.h; name = idna.h; path = ../src/idna.h; sourceTree = "<group>"; };
		3AA50F332246B59F004026C4 /* idna.c */ = {isa = PBXFileReference; fileEncoding = 4; lastKnownFileType = sourcecode.c.c; name = idna.c; path = ../src/idna.c; sourceTree = "<group>"; };
		3AA50F492247725A004026C4 /* uv-errno.h */ = {isa = PBXFileReference; fileEncoding = 4; lastKnownFileType = sourcecode.c.h; name = "uv-errno.h"; path = "include/uv/uv-errno.h"; sourceTree = "<group>"; };
		3AA50F4C22477279004026C4 /* uv.h */ = {isa = PBXFileReference; fileEncoding = 4; lastKnownFileType = sourcecode.c.h; name = uv.h; path = include/uv.h; sourceTree = "<group>"; };
		3AE1E0722070ADF300B52995 /* libuv.framework */ = {isa = PBXFileReference; explicitFileType = wrapper.framework; includeInIndex = 0; path = libuv.framework; sourceTree = BUILT_PRODUCTS_DIR; };
/* End PBXFileReference section */

/* Begin PBXFrameworksBuildPhase section */
		3A3007FD206FDDBB00ABE7C2 /* Frameworks */ = {
			isa = PBXFrameworksBuildPhase;
			buildActionMask = 2147483647;
			files = (
			);
			runOnlyForDeploymentPostprocessing = 0;
		};
		3AE1E06E2070ADF300B52995 /* Frameworks */ = {
			isa = PBXFrameworksBuildPhase;
			buildActionMask = 2147483647;
			files = (
			);
			runOnlyForDeploymentPostprocessing = 0;
		};
/* End PBXFrameworksBuildPhase section */

/* Begin PBXGroup section */
		3A3007F7206FDDBB00ABE7C2 = {
			isa = PBXGroup;
			children = (
				3A30082F206FDE5600ABE7C2 /* src */,
				3A30080C206FDE2200ABE7C2 /* include */,
				3AA50F4C22477279004026C4 /* uv.h */,
				3A300803206FDDBB00ABE7C2 /* libuv */,
				3A300802206FDDBB00ABE7C2 /* Products */,
			);
			sourceTree = "<group>";
		};
		3A300802206FDDBB00ABE7C2 /* Products */ = {
			isa = PBXGroup;
			children = (
				3A300801206FDDBB00ABE7C2 /* libuv.framework */,
				3AE1E0722070ADF300B52995 /* libuv.framework */,
			);
			name = Products;
			sourceTree = "<group>";
		};
		3A300803206FDDBB00ABE7C2 /* libuv */ = {
			isa = PBXGroup;
			children = (
				3A300804206FDDBB00ABE7C2 /* libuv.h */,
				3A300805206FDDBB00ABE7C2 /* Info.plist */,
			);
			path = libuv;
			sourceTree = "<group>";
		};
		3A30080C206FDE2200ABE7C2 /* include */ = {
			isa = PBXGroup;
			children = (
				3AA50F0A2246B4F1004026C4 /* uv */,
			);
			name = include;
			sourceTree = "<group>";
		};
		3A30082F206FDE5600ABE7C2 /* src */ = {
			isa = PBXGroup;
			children = (
				3A30086B206FDE7400ABE7C2 /* fs-poll.c */,
				3A300831206FDE7400ABE7C2 /* heap-inl.h */,
				3AA50F332246B59F004026C4 /* idna.c */,
				3AA50F322246B59F004026C4 /* idna.h */,
				3A300869206FDE7400ABE7C2 /* inet.c */,
				3A300833206FDE7400ABE7C2 /* queue.h */,
				3AA50F2D2246B58A004026C4 /* strscpy.c */,
				3AA50F2C2246B58A004026C4 /* strscpy.h */,
				3A30086A206FDE7400ABE7C2 /* threadpool.c */,
				3AA50F292246B55B004026C4 /* timer.c */,
				3A300834206FDE7400ABE7C2 /* unix */,
				3A30086C206FDE7400ABE7C2 /* uv-common.c */,
				3A300830206FDE7400ABE7C2 /* uv-common.h */,
				3A300832206FDE7400ABE7C2 /* uv-data-getter-setters.c */,
				3A300868206FDE7400ABE7C2 /* version.c */,
			);
			name = src;
			sourceTree = "<group>";
		};
		3A300834206FDE7400ABE7C2 /* unix */ = {
			isa = PBXGroup;
			children = (
				3A300838206FDE7400ABE7C2 /* async.c */,
				3A300839206FDE7400ABE7C2 /* atomic-ops.h */,
				3A30083A206FDE7400ABE7C2 /* bsd-ifaddrs.c */,
				3A30083B206FDE7400ABE7C2 /* core.c */,
				3A30083D206FDE7400ABE7C2 /* darwin-proctitle.c */,
				3A30083E206FDE7400ABE7C2 /* darwin.c */,
				3A30083F206FDE7400ABE7C2 /* dl.c */,
				3A300841206FDE7400ABE7C2 /* fs.c */,
				3A300842206FDE7400ABE7C2 /* fsevents.c */,
				3A300843206FDE7400ABE7C2 /* getaddrinfo.c */,
				3A300844206FDE7400ABE7C2 /* getnameinfo.c */,
				3A300846206FDE7400ABE7C2 /* internal.h */,
				3A30084A206FDE7400ABE7C2 /* linux-syscalls.c */,
				3A30084B206FDE7400ABE7C2 /* linux-syscalls.h */,
				3A3008A9206FE32D00ABE7C2 /* kqueue.c */,
				3A30084C206FDE7400ABE7C2 /* loop-watcher.c */,
				3A30084D206FDE7400ABE7C2 /* loop.c */,
				3A300850206FDE7400ABE7C2 /* no-proctitle.c */,
				3A300855206FDE7400ABE7C2 /* pipe.c */,
				3A300856206FDE7400ABE7C2 /* poll.c */,
				3A300859206FDE7400ABE7C2 /* process.c */,
				3A30085C206FDE7400ABE7C2 /* pthread-fixes.c */,
				3A30085D206FDE7400ABE7C2 /* signal.c */,
				3A30085E206FDE7400ABE7C2 /* spinlock.h */,
				3A30085F206FDE7400ABE7C2 /* stream.c */,
				3A300863206FDE7400ABE7C2 /* tcp.c */,
				3A300864206FDE7400ABE7C2 /* thread.c */,
				3A300866206FDE7400ABE7C2 /* tty.c */,
				3A300867206FDE7400ABE7C2 /* udp.c */,
			);
			name = unix;
			path = ../src/unix;
			sourceTree = "<group>";
		};
		3AA50F0A2246B4F1004026C4 /* uv */ = {
			isa = PBXGroup;
			children = (
				3AA50F0D2246B518004026C4 /* aix.h */,
				3AA50F142246B518004026C4 /* android-ifaddrs.h */,
				3AA50F172246B518004026C4 /* bsd.h */,
				3AA50F0B2246B517004026C4 /* darwin.h */,
				3AA50F492247725A004026C4 /* uv-errno.h */,
				3AA50F102246B518004026C4 /* linux.h */,
				3AA50F0E2246B518004026C4 /* os390.h */,
				3AA50F0F2246B518004026C4 /* posix.h */,
				3AA50F0C2246B518004026C4 /* stdint-msvc2008.h */,
				3AA50F132246B518004026C4 /* sunos.h */,
				3AA50F182246B518004026C4 /* threadpool.h */,
				3AA50F162246B518004026C4 /* tree.h */,
				3AA50F122246B518004026C4 /* unix.h */,
				3AA50F112246B518004026C4 /* version.h */,
				3AA50F192246B518004026C4 /* win.h */,
			);
			name = uv;
			sourceTree = "<group>";
		};
/* End PBXGroup section */

/* Begin PBXHeadersBuildPhase section */
		3A3007FE206FDDBB00ABE7C2 /* Headers */ = {
			isa = PBXHeadersBuildPhase;
			buildActionMask = 2147483647;
			files = (
				3AA50F342246B59F004026C4 /* idna.h in Headers */,
				3AA50F262246B519004026C4 /* bsd.h in Headers */,
				3A300887206FDE7500ABE7C2 /* linux-syscalls.h in Headers */,
				3AA50F4A2247725A004026C4 /* uv-errno.h in Headers */,
				3A300882206FDE7500ABE7C2 /* internal.h in Headers */,
				3AA50F272246B519004026C4 /* threadpool.h in Headers */,
				3A300806206FDDBB00ABE7C2 /* libuv.h in Headers */,
				3AA50F1B2246B519004026C4 /* stdint-msvc2008.h in Headers */,
				3AA50F202246B519004026C4 /* version.h in Headers */,
				3A30089A206FDE7500ABE7C2 /* spinlock.h in Headers */,
				3AA50F282246B519004026C4 /* win.h in Headers */,
				3AA50F1F2246B519004026C4 /* linux.h in Headers */,
				3AA50F1A2246B519004026C4 /* darwin.h in Headers */,
				3AA50F2E2246B58A004026C4 /* strscpy.h in Headers */,
				3A300875206FDE7500ABE7C2 /* atomic-ops.h in Headers */,
				3AA50F1E2246B519004026C4 /* posix.h in Headers */,
				3AA50F212246B519004026C4 /* unix.h in Headers */,
				3A300870206FDE7400ABE7C2 /* queue.h in Headers */,
				3AA50F252246B519004026C4 /* tree.h in Headers */,
				3AA50F1C2246B519004026C4 /* aix.h in Headers */,
				3A30086E206FDE7400ABE7C2 /* heap-inl.h in Headers */,
				3AA50F222246B519004026C4 /* sunos.h in Headers */,
				3AA50F1D2246B519004026C4 /* os390.h in Headers */,
				3AA50F232246B519004026C4 /* android-ifaddrs.h in Headers */,
				3A30086D206FDE7400ABE7C2 /* uv-common.h in Headers */,
				3AA50F4D22477279004026C4 /* uv.h in Headers */,
			);
			runOnlyForDeploymentPostprocessing = 0;
		};
		3AE1E06F2070ADF300B52995 /* Headers */ = {
			isa = PBXHeadersBuildPhase;
			buildActionMask = 2147483647;
			files = (
				3AE1E08F2070AFCD00B52995 /* queue.h in Headers */,
				3AE1E0B02070B01A00B52995 /* linux-syscalls.h in Headers */,
				3AE1E0B22070B01A00B52995 /* uv-common.h in Headers */,
				3AE1E08B2070AF7E00B52995 /* libuv.h in Headers */,
				3AE1E0922070AFDA00B52995 /* atomic-ops.h in Headers */,
				3AE1E0AF2070B01A00B52995 /* internal.h in Headers */,
				3AA50F3A2246B5FF004026C4 /* version.h in Headers */,
				3AA50F382246B5FF004026C4 /* darwin.h in Headers */,
				3AA50F352246B59F004026C4 /* idna.h in Headers */,
				3AA50F4B2247725A004026C4 /* uv-errno.h in Headers */,
				3AA50F2F2246B58A004026C4 /* strscpy.h in Headers */,
				3AE1E08D2070AFB300B52995 /* heap-inl.h in Headers */,
				3AE1E0B12070B01A00B52995 /* spinlock.h in Headers */,
				3AA50F4E22477279004026C4 /* uv.h in Headers */,
			);
			runOnlyForDeploymentPostprocessing = 0;
		};
/* End PBXHeadersBuildPhase section */

/* Begin PBXNativeTarget section */
		3A300800206FDDBB00ABE7C2 /* libuv iOS */ = {
			isa = PBXNativeTarget;
			buildConfigurationList = 3A300809206FDDBB00ABE7C2 /* Build configuration list for PBXNativeTarget "libuv iOS" */;
			buildPhases = (
				3AA50F3B22474F6B004026C4 /* CopyFiles */,
				3A3007FC206FDDBB00ABE7C2 /* Sources */,
				3A3007FD206FDDBB00ABE7C2 /* Frameworks */,
				3A3007FE206FDDBB00ABE7C2 /* Headers */,
				3A3007FF206FDDBB00ABE7C2 /* Resources */,
			);
			buildRules = (
			);
			dependencies = (
			);
			name = "libuv iOS";
			productName = libuv;
			productReference = 3A300801206FDDBB00ABE7C2 /* libuv.framework */;
			productType = "com.apple.product-type.framework";
		};
		3AE1E0712070ADF300B52995 /* libuv macOS */ = {
			isa = PBXNativeTarget;
			buildConfigurationList = 3AE1E0772070ADF300B52995 /* Build configuration list for PBXNativeTarget "libuv macOS" */;
			buildPhases = (
				3AA50F5022477474004026C4 /* CopyFiles */,
				3AE1E06D2070ADF300B52995 /* Sources */,
				3AE1E06E2070ADF300B52995 /* Frameworks */,
				3AE1E06F2070ADF300B52995 /* Headers */,
				3AE1E0702070ADF300B52995 /* Resources */,
			);
			buildRules = (
			);
			dependencies = (
			);
			name = "libuv macOS";
			productName = libuv;
			productReference = 3AE1E0722070ADF300B52995 /* libuv.framework */;
			productType = "com.apple.product-type.framework";
		};
/* End PBXNativeTarget section */

/* Begin PBXProject section */
		3A3007F8206FDDBB00ABE7C2 /* Project object */ = {
			isa = PBXProject;
			attributes = {
				LastUpgradeCheck = 1010;
				ORGANIZATIONNAME = ssrLive;
				TargetAttributes = {
					3A300800206FDDBB00ABE7C2 = {
						CreatedOnToolsVersion = 9.2;
						ProvisioningStyle = Automatic;
					};
					3AE1E0712070ADF300B52995 = {
						CreatedOnToolsVersion = 9.3;
						ProvisioningStyle = Automatic;
					};
				};
			};
			buildConfigurationList = 3A3007FB206FDDBB00ABE7C2 /* Build configuration list for PBXProject "libuv" */;
			compatibilityVersion = "Xcode 8.0";
			developmentRegion = en;
			hasScannedForEncodings = 0;
			knownRegions = (
				en,
			);
			mainGroup = 3A3007F7206FDDBB00ABE7C2;
			productRefGroup = 3A300802206FDDBB00ABE7C2 /* Products */;
			projectDirPath = "";
			projectRoot = "";
			targets = (
				3A300800206FDDBB00ABE7C2 /* libuv iOS */,
				3AE1E0712070ADF300B52995 /* libuv macOS */,
			);
		};
/* End PBXProject section */

/* Begin PBXResourcesBuildPhase section */
		3A3007FF206FDDBB00ABE7C2 /* Resources */ = {
			isa = PBXResourcesBuildPhase;
			buildActionMask = 2147483647;
			files = (
			);
			runOnlyForDeploymentPostprocessing = 0;
		};
		3AE1E0702070ADF300B52995 /* Resources */ = {
			isa = PBXResourcesBuildPhase;
			buildActionMask = 2147483647;
			files = (
			);
			runOnlyForDeploymentPostprocessing = 0;
		};
/* End PBXResourcesBuildPhase section */

/* Begin PBXSourcesBuildPhase section */
		3A3007FC206FDDBB00ABE7C2 /* Sources */ = {
			isa = PBXSourcesBuildPhase;
			buildActionMask = 2147483647;
			files = (
				3A30087A206FDE7500ABE7C2 /* darwin.c in Sources */,
				3A30088C206FDE7500ABE7C2 /* no-proctitle.c in Sources */,
				3A3008AA206FE32D00ABE7C2 /* kqueue.c in Sources */,
				3A300899206FDE7500ABE7C2 /* signal.c in Sources */,
				3AA50F302246B58A004026C4 /* strscpy.c in Sources */,
				3A3008A5206FDE7500ABE7C2 /* inet.c in Sources */,
				3A3008A8206FDE7500ABE7C2 /* uv-common.c in Sources */,
				3A3008A7206FDE7500ABE7C2 /* fs-poll.c in Sources */,
				3A30089F206FDE7500ABE7C2 /* tcp.c in Sources */,
				3A3008A2206FDE7500ABE7C2 /* tty.c in Sources */,
				3A3008A4206FDE7500ABE7C2 /* version.c in Sources */,
				3A30086F206FDE7400ABE7C2 /* uv-data-getter-setters.c in Sources */,
				3A300898206FDE7500ABE7C2 /* pthread-fixes.c in Sources */,
				3A300877206FDE7500ABE7C2 /* core.c in Sources */,
				3A300886206FDE7500ABE7C2 /* linux-syscalls.c in Sources */,
				3A3008A0206FDE7500ABE7C2 /* thread.c in Sources */,
				3A300876206FDE7500ABE7C2 /* bsd-ifaddrs.c in Sources */,
				3A30087B206FDE7500ABE7C2 /* dl.c in Sources */,
				3A300889206FDE7500ABE7C2 /* loop.c in Sources */,
				3A30087D206FDE7500ABE7C2 /* fs.c in Sources */,
				3A3008A6206FDE7500ABE7C2 /* threadpool.c in Sources */,
				3A300880206FDE7500ABE7C2 /* getnameinfo.c in Sources */,
				3A3008A3206FDE7500ABE7C2 /* udp.c in Sources */,
				3A300892206FDE7500ABE7C2 /* poll.c in Sources */,
				3A30087E206FDE7500ABE7C2 /* fsevents.c in Sources */,
				3A300891206FDE7500ABE7C2 /* pipe.c in Sources */,
				3AA50F2A2246B55B004026C4 /* timer.c in Sources */,
				3A30087F206FDE7500ABE7C2 /* getaddrinfo.c in Sources */,
				3A300879206FDE7500ABE7C2 /* darwin-proctitle.c in Sources */,
				3AA50F362246B59F004026C4 /* idna.c in Sources */,
				3A30089B206FDE7500ABE7C2 /* stream.c in Sources */,
				3A300895206FDE7500ABE7C2 /* process.c in Sources */,
				3A300888206FDE7500ABE7C2 /* loop-watcher.c in Sources */,
				3A300874206FDE7500ABE7C2 /* async.c in Sources */,
			);
			runOnlyForDeploymentPostprocessing = 0;
		};
		3AE1E06D2070ADF300B52995 /* Sources */ = {
			isa = PBXSourcesBuildPhase;
			buildActionMask = 2147483647;
			files = (
				3AE1E0AE2070AFFC00B52995 /* version.c in Sources */,
				3AE1E09D2070AFFC00B52995 /* kqueue.c in Sources */,
				3AE1E0902070AFD000B52995 /* threadpool.c in Sources */,
				3AE1E0932070AFDD00B52995 /* bsd-ifaddrs.c in Sources */,
				3AA50F312246B58A004026C4 /* strscpy.c in Sources */,
				3AE1E09C2070AFFC00B52995 /* linux-syscalls.c in Sources */,
				3AE1E09E2070AFFC00B52995 /* loop-watcher.c in Sources */,
				3AE1E0A62070AFFC00B52995 /* stream.c in Sources */,
				3AE1E0A72070AFFC00B52995 /* tcp.c in Sources */,
				3AE1E0A32070AFFC00B52995 /* process.c in Sources */,
				3AE1E09B2070AFFC00B52995 /* getnameinfo.c in Sources */,
				3AE1E0942070AFDF00B52995 /* core.c in Sources */,
				3AE1E0952070AFE200B52995 /* darwin-proctitle.c in Sources */,
				3AE1E0982070AFFC00B52995 /* fs.c in Sources */,
				3AE1E0A42070AFFC00B52995 /* pthread-fixes.c in Sources */,
				3AE1E08C2070AFB000B52995 /* fs-poll.c in Sources */,
				3AE1E0A22070AFFC00B52995 /* poll.c in Sources */,
				3AE1E0AD2070AFFC00B52995 /* uv-data-getter-setters.c in Sources */,
				3AE1E0972070AFE800B52995 /* dl.c in Sources */,
				3AE1E0912070AFD700B52995 /* async.c in Sources */,
				3AE1E0A12070AFFC00B52995 /* pipe.c in Sources */,
				3AE1E09F2070AFFC00B52995 /* loop.c in Sources */,
				3AE1E0A82070AFFC00B52995 /* thread.c in Sources */,
				3AE1E0A02070AFFC00B52995 /* no-proctitle.c in Sources */,
				3AE1E0962070AFE500B52995 /* darwin.c in Sources */,
				3AE1E09A2070AFFC00B52995 /* getaddrinfo.c in Sources */,
				3AA50F2B2246B55B004026C4 /* timer.c in Sources */,
				3AE1E0992070AFFC00B52995 /* fsevents.c in Sources */,
				3AE1E0AC2070AFFC00B52995 /* uv-common.c in Sources */,
				3AA50F372246B59F004026C4 /* idna.c in Sources */,
				3AE1E08E2070AFC900B52995 /* inet.c in Sources */,
				3AE1E0A52070AFFC00B52995 /* signal.c in Sources */,
				3AE1E0AB2070AFFC00B52995 /* udp.c in Sources */,
				3AE1E0AA2070AFFC00B52995 /* tty.c in Sources */,
			);
			runOnlyForDeploymentPostprocessing = 0;
		};
/* End PBXSourcesBuildPhase section */

/* Begin XCBuildConfiguration section */
		3A300807206FDDBB00ABE7C2 /* Debug */ = {
			isa = XCBuildConfiguration;
			buildSettings = {
				ALWAYS_SEARCH_USER_PATHS = NO;
				CLANG_ANALYZER_NONNULL = YES;
				CLANG_ANALYZER_NUMBER_OBJECT_CONVERSION = YES_AGGRESSIVE;
				CLANG_CXX_LANGUAGE_STANDARD = "gnu++14";
				CLANG_CXX_LIBRARY = "libc++";
				CLANG_ENABLE_MODULES = YES;
				CLANG_ENABLE_OBJC_ARC = YES;
				CLANG_WARN_BLOCK_CAPTURE_AUTORELEASING = YES;
				CLANG_WARN_BOOL_CONVERSION = YES;
				CLANG_WARN_COMMA = YES;
				CLANG_WARN_CONSTANT_CONVERSION = YES;
				CLANG_WARN_DEPRECATED_OBJC_IMPLEMENTATIONS = YES;
				CLANG_WARN_DIRECT_OBJC_ISA_USAGE = YES_ERROR;
				CLANG_WARN_DOCUMENTATION_COMMENTS = YES;
				CLANG_WARN_EMPTY_BODY = YES;
				CLANG_WARN_ENUM_CONVERSION = YES;
				CLANG_WARN_INFINITE_RECURSION = YES;
				CLANG_WARN_INT_CONVERSION = YES;
				CLANG_WARN_NON_LITERAL_NULL_CONVERSION = YES;
				CLANG_WARN_OBJC_IMPLICIT_RETAIN_SELF = YES;
				CLANG_WARN_OBJC_LITERAL_CONVERSION = YES;
				CLANG_WARN_OBJC_ROOT_CLASS = YES_ERROR;
				CLANG_WARN_RANGE_LOOP_ANALYSIS = YES;
				CLANG_WARN_STRICT_PROTOTYPES = YES;
				CLANG_WARN_SUSPICIOUS_MOVE = YES;
				CLANG_WARN_UNGUARDED_AVAILABILITY = YES_AGGRESSIVE;
				CLANG_WARN_UNREACHABLE_CODE = YES;
				CLANG_WARN__DUPLICATE_METHOD_MATCH = YES;
				CODE_SIGN_IDENTITY = "iPhone Developer";
				COPY_PHASE_STRIP = NO;
				CURRENT_PROJECT_VERSION = 1;
				DEBUG_INFORMATION_FORMAT = dwarf;
				ENABLE_STRICT_OBJC_MSGSEND = YES;
				ENABLE_TESTABILITY = YES;
				GCC_C_LANGUAGE_STANDARD = gnu11;
				GCC_DYNAMIC_NO_PIC = NO;
				GCC_NO_COMMON_BLOCKS = YES;
				GCC_OPTIMIZATION_LEVEL = 0;
				GCC_PREPROCESSOR_DEFINITIONS = (
					"DEBUG=1",
					"$(inherited)",
				);
				GCC_WARN_64_TO_32_BIT_CONVERSION = YES;
				GCC_WARN_ABOUT_RETURN_TYPE = YES_ERROR;
				GCC_WARN_UNDECLARED_SELECTOR = YES;
				GCC_WARN_UNINITIALIZED_AUTOS = YES_AGGRESSIVE;
				GCC_WARN_UNUSED_FUNCTION = YES;
				GCC_WARN_UNUSED_VARIABLE = YES;
				IPHONEOS_DEPLOYMENT_TARGET = 9.0;
				MACOSX_DEPLOYMENT_TARGET = 10.9;
				MTL_ENABLE_DEBUG_INFO = YES;
				ONLY_ACTIVE_ARCH = YES;
				SDKROOT = iphoneos;
				VERSIONING_SYSTEM = "apple-generic";
				VERSION_INFO_PREFIX = "";
			};
			name = Debug;
		};
		3A300808206FDDBB00ABE7C2 /* Release */ = {
			isa = XCBuildConfiguration;
			buildSettings = {
				ALWAYS_SEARCH_USER_PATHS = NO;
				CLANG_ANALYZER_NONNULL = YES;
				CLANG_ANALYZER_NUMBER_OBJECT_CONVERSION = YES_AGGRESSIVE;
				CLANG_CXX_LANGUAGE_STANDARD = "gnu++14";
				CLANG_CXX_LIBRARY = "libc++";
				CLANG_ENABLE_MODULES = YES;
				CLANG_ENABLE_OBJC_ARC = YES;
				CLANG_WARN_BLOCK_CAPTURE_AUTORELEASING = YES;
				CLANG_WARN_BOOL_CONVERSION = YES;
				CLANG_WARN_COMMA = YES;
				CLANG_WARN_CONSTANT_CONVERSION = YES;
				CLANG_WARN_DEPRECATED_OBJC_IMPLEMENTATIONS = YES;
				CLANG_WARN_DIRECT_OBJC_ISA_USAGE = YES_ERROR;
				CLANG_WARN_DOCUMENTATION_COMMENTS = YES;
				CLANG_WARN_EMPTY_BODY = YES;
				CLANG_WARN_ENUM_CONVERSION = YES;
				CLANG_WARN_INFINITE_RECURSION = YES;
				CLANG_WARN_INT_CONVERSION = YES;
				CLANG_WARN_NON_LITERAL_NULL_CONVERSION = YES;
				CLANG_WARN_OBJC_IMPLICIT_RETAIN_SELF = YES;
				CLANG_WARN_OBJC_LITERAL_CONVERSION = YES;
				CLANG_WARN_OBJC_ROOT_CLASS = YES_ERROR;
				CLANG_WARN_RANGE_LOOP_ANALYSIS = YES;
				CLANG_WARN_STRICT_PROTOTYPES = YES;
				CLANG_WARN_SUSPICIOUS_MOVE = YES;
				CLANG_WARN_UNGUARDED_AVAILABILITY = YES_AGGRESSIVE;
				CLANG_WARN_UNREACHABLE_CODE = YES;
				CLANG_WARN__DUPLICATE_METHOD_MATCH = YES;
				CODE_SIGN_IDENTITY = "iPhone Developer";
				COPY_PHASE_STRIP = NO;
				CURRENT_PROJECT_VERSION = 1;
				DEBUG_INFORMATION_FORMAT = "dwarf-with-dsym";
				ENABLE_NS_ASSERTIONS = NO;
				ENABLE_STRICT_OBJC_MSGSEND = YES;
				GCC_C_LANGUAGE_STANDARD = gnu11;
				GCC_NO_COMMON_BLOCKS = YES;
				GCC_WARN_64_TO_32_BIT_CONVERSION = YES;
				GCC_WARN_ABOUT_RETURN_TYPE = YES_ERROR;
				GCC_WARN_UNDECLARED_SELECTOR = YES;
				GCC_WARN_UNINITIALIZED_AUTOS = YES_AGGRESSIVE;
				GCC_WARN_UNUSED_FUNCTION = YES;
				GCC_WARN_UNUSED_VARIABLE = YES;
				IPHONEOS_DEPLOYMENT_TARGET = 9.0;
				MACOSX_DEPLOYMENT_TARGET = 10.9;
				MTL_ENABLE_DEBUG_INFO = NO;
				SDKROOT = iphoneos;
				VALIDATE_PRODUCT = YES;
				VERSIONING_SYSTEM = "apple-generic";
				VERSION_INFO_PREFIX = "";
			};
			name = Release;
		};
		3A30080A206FDDBB00ABE7C2 /* Debug */ = {
			isa = XCBuildConfiguration;
			buildSettings = {
				CODE_SIGN_IDENTITY = "";
				"CODE_SIGN_IDENTITY[sdk=iphoneos*]" = "iPhone Developer";
				CODE_SIGN_STYLE = Automatic;
				DEFINES_MODULE = YES;
				DEVELOPMENT_TEAM = "";
				DYLIB_COMPATIBILITY_VERSION = 1;
				DYLIB_CURRENT_VERSION = 1;
				DYLIB_INSTALL_NAME_BASE = "@rpath";
				HEADER_SEARCH_PATHS = (
					./include,
					../include,
				);
				INFOPLIST_FILE = libuv/Info.plist;
				INSTALL_PATH = "$(LOCAL_LIBRARY_DIR)/Frameworks";
				LD_RUNPATH_SEARCH_PATHS = "$(inherited) @executable_path/Frameworks @loader_path/Frameworks";
				PRODUCT_BUNDLE_IDENTIFIER = com.ssrlive.libuv;
				PRODUCT_MODULE_NAME = libuv;
				PRODUCT_NAME = libuv;
				SKIP_INSTALL = YES;
				TARGETED_DEVICE_FAMILY = "1,2";
			};
			name = Debug;
		};
		3A30080B206FDDBB00ABE7C2 /* Release */ = {
			isa = XCBuildConfiguration;
			buildSettings = {
				CODE_SIGN_IDENTITY = "";
				CODE_SIGN_STYLE = Automatic;
				DEFINES_MODULE = YES;
				DEVELOPMENT_TEAM = "";
				DYLIB_COMPATIBILITY_VERSION = 1;
				DYLIB_CURRENT_VERSION = 1;
				DYLIB_INSTALL_NAME_BASE = "@rpath";
				HEADER_SEARCH_PATHS = (
					./include,
					../include,
				);
				INFOPLIST_FILE = libuv/Info.plist;
				INSTALL_PATH = "$(LOCAL_LIBRARY_DIR)/Frameworks";
				LD_RUNPATH_SEARCH_PATHS = "$(inherited) @executable_path/Frameworks @loader_path/Frameworks";
				PRODUCT_BUNDLE_IDENTIFIER = com.ssrlive.libuv;
				PRODUCT_MODULE_NAME = libuv;
				PRODUCT_NAME = libuv;
				SKIP_INSTALL = YES;
				TARGETED_DEVICE_FAMILY = "1,2";
			};
			name = Release;
		};
		3AE1E0782070ADF300B52995 /* Debug */ = {
			isa = XCBuildConfiguration;
			buildSettings = {
				CLANG_ENABLE_OBJC_WEAK = YES;
				CODE_SIGN_IDENTITY = "";
				CODE_SIGN_STYLE = Automatic;
				COMBINE_HIDPI_IMAGES = YES;
				DEFINES_MODULE = YES;
				DEVELOPMENT_TEAM = "";
				DYLIB_COMPATIBILITY_VERSION = 1;
				DYLIB_CURRENT_VERSION = 1;
				DYLIB_INSTALL_NAME_BASE = "@rpath";
				FRAMEWORK_VERSION = A;
				HEADER_SEARCH_PATHS = (
					./include,
					../include,
				);
				INFOPLIST_FILE = libuv/Info.plist;
				INSTALL_PATH = "$(LOCAL_LIBRARY_DIR)/Frameworks";
				LD_RUNPATH_SEARCH_PATHS = "$(inherited) @executable_path/../Frameworks @loader_path/Frameworks";
				PRODUCT_BUNDLE_IDENTIFIER = com.ssrlive.libuv;
				PRODUCT_MODULE_NAME = libuv;
				PRODUCT_NAME = libuv;
				SDKROOT = macosx;
				SKIP_INSTALL = YES;
			};
			name = Debug;
		};
		3AE1E0792070ADF300B52995 /* Release */ = {
			isa = XCBuildConfiguration;
			buildSettings = {
				CLANG_ENABLE_OBJC_WEAK = YES;
				CODE_SIGN_IDENTITY = "";
				CODE_SIGN_STYLE = Automatic;
				COMBINE_HIDPI_IMAGES = YES;
				DEFINES_MODULE = YES;
				DEVELOPMENT_TEAM = "";
				DYLIB_COMPATIBILITY_VERSION = 1;
				DYLIB_CURRENT_VERSION = 1;
				DYLIB_INSTALL_NAME_BASE = "@rpath";
				FRAMEWORK_VERSION = A;
				HEADER_SEARCH_PATHS = (
					./include,
					../include,
				);
				INFOPLIST_FILE = libuv/Info.plist;
				INSTALL_PATH = "$(LOCAL_LIBRARY_DIR)/Frameworks";
				LD_RUNPATH_SEARCH_PATHS = "$(inherited) @executable_path/../Frameworks @loader_path/Frameworks";
				PRODUCT_BUNDLE_IDENTIFIER = com.ssrlive.libuv;
				PRODUCT_MODULE_NAME = libuv;
				PRODUCT_NAME = libuv;
				SDKROOT = macosx;
				SKIP_INSTALL = YES;
			};
			name = Release;
		};
/* End XCBuildConfiguration section */

/* Begin XCConfigurationList section */
		3A3007FB206FDDBB00ABE7C2 /* Build configuration list for PBXProject "libuv" */ = {
			isa = XCConfigurationList;
			buildConfigurations = (
				3A300807206FDDBB00ABE7C2 /* Debug */,
				3A300808206FDDBB00ABE7C2 /* Release */,
			);
			defaultConfigurationIsVisible = 0;
			defaultConfigurationName = Release;
		};
		3A300809206FDDBB00ABE7C2 /* Build configuration list for PBXNativeTarget "libuv iOS" */ = {
			isa = XCConfigurationList;
			buildConfigurations = (
				3A30080A206FDDBB00ABE7C2 /* Debug */,
				3A30080B206FDDBB00ABE7C2 /* Release */,
			);
			defaultConfigurationIsVisible = 0;
			defaultConfigurationName = Release;
		};
		3AE1E0772070ADF300B52995 /* Build configuration list for PBXNativeTarget "libuv macOS" */ = {
			isa = XCConfigurationList;
			buildConfigurations = (
				3AE1E0782070ADF300B52995 /* Debug */,
				3AE1E0792070ADF300B52995 /* Release */,
			);
			defaultConfigurationIsVisible = 0;
			defaultConfigurationName = Release;
		};
/* End XCConfigurationList section */
	};
	rootObject = 3A3007F8206FDDBB00ABE7C2 /* Project object */;
}
